# This file is automatically @generated by Cargo.
# It is not intended for manual editing.
version = 3

[[package]]
name = "cryptoxide"
version = "0.4.4"
source = "registry+https://github.com/rust-lang/crates.io-index"
checksum = "382ce8820a5bb815055d3553a610e8cb542b2d767bbacea99038afda96cd760d"

[[package]]
name = "hex"
version = "0.4.3"
source = "registry+https://github.com/rust-lang/crates.io-index"
checksum = "7f24254aa9a54b5c858eaee2f5bccdb46aaf0e486a595ed5fd8f86ba55232a70"

[[package]]
name = "hexlit"
version = "0.5.5"
source = "registry+https://github.com/rust-lang/crates.io-index"
checksum = "5b6e75c860d4216ac53f9ac88b25c99eaedba075b3a7b2ed31f2adc51a74fffd"

[[package]]
name = "sparse-merkle-tree"
version = "0.1.0"
dependencies = [
 "cryptoxide",
 "hex",
 "hexlit",
]
